github.com/mengzhuo/nn v0.0.0-20240425150237-ae83d657fc40 h1:Zn7bbRuZgWu6vrMCWmgX7d4EUEaWLBLPJ8ZYf8Nfgao=
github.com/mengzhuo/nn v0.0.0-20240425150237-ae83d657fc40/go.mod h1:KGYK606/HlUBzqnWvu6RtgCCK+9Vo3ZnCjxOskHG/S0=
github.com/mengzhuo/nn v0.0.0-20240426115230-f1a6acd5722b h1:N7ptZloeavLnxZeqv+dgLVxjr9esQQhnPGysyNHV13A=
github.com/mengzhuo/nn v0.0.0-20240426115230-f1a6acd5722b/go.mod h1:KGYK606/HlUBzqnWvu6RtgCCK+9Vo3ZnCjxOskHG/S0=
